// !$*UTF8*$!
{
	archiveVersion = 1;
	classes = {
	};
	objectVersion = 56;
	objects = {

/* Begin PBXBuildFile section */
		BF4723852B46C39200FA0BD7 /* Open_Davinci_AIApp.swift in Sources */ = {isa = PBXBuildFile; fileRef = BF4723842B46C39200FA0BD7 /* Open_Davinci_AIApp.swift */; };
		BF4723872B46C39200FA0BD7 /* ContentView.swift in Sources */ = {isa = PBXBuildFile; fileRef = BF4723862B46C39200FA0BD7 /* ContentView.swift */; };
		BF4723892B46C39200FA0BD7 /* Item.swift in Sources */ = {isa = PBXBuildFile; fileRef = BF4723882B46C39200FA0BD7 /* Item.swift */; };
		BF47238B2B46C39300FA0BD7 /* Assets.xcassets in Resources */ = {isa = PBXBuildFile; fileRef = BF47238A2B46C39300FA0BD7 /* Assets.xcassets */; };
		BF47238F2B46C39300FA0BD7 /* Preview Assets.xcassets in Resources */ = {isa = PBXBuildFile; fileRef = BF47238E2B46C39300FA0BD7 /* Preview Assets.xcassets */; };
		BF47239A2B46C39300FA0BD7 /* Open_Davinci_AITests.swift in Sources */ = {isa = PBXBuildFile; fileRef = BF4723992B46C39300FA0BD7 /* Open_Davinci_AITests.swift */; };
		BF4723A42B46C39300FA0BD7 /* Open_Davinci_AIUITests.swift in Sources */ = {isa = PBXBuildFile; fileRef = BF4723A32B46C39300FA0BD7 /* Open_Davinci_AIUITests.swift */; };
		BF4723A62B46C39300FA0BD7 /* Open_Davinci_AIUITestsLaunchTests.swift in Sources */ = {isa = PBXBuildFile; fileRef = BF4723A52B46C39300FA0BD7 /* Open_Davinci_AIUITestsLaunchTests.swift */; };
/* End PBXBuildFile section */

/* Begin PBXContainerItemProxy section */
		BF4723962B46C39300FA0BD7 /* PBXContainerItemProxy */ = {
			isa = PBXContainerItemProxy;
			containerPortal = BF4723792B46C39200FA0BD7 /* Project object */;
			proxyType = 1;
			remoteGlobalIDString = BF4723802B46C39200FA0BD7;
			remoteInfo = "Open Davinci AI";
		};
		BF4723A02B46C39300FA0BD7 /* PBXContainerItemProxy */ = {
			isa = PBXContainerItemProxy;
			containerPortal = BF4723792B46C39200FA0BD7 /* Project object */;
			proxyType = 1;
			remoteGlobalIDString = BF4723802B46C39200FA0BD7;
			remoteInfo = "Open Davinci AI";
		};
/* End PBXContainerItemProxy section */

/* Begin PBXFileReference section */
		BF4723812B46C39200FA0BD7 /* Open Davinci AI.app */ = {isa = PBXFileReference; explicitFileType = wrapper.application; includeInIndex = 0; path = "Open Davinci AI.app"; sourceTree = BUILT_PRODUCTS_DIR; };
		BF4723842B46C39200FA0BD7 /* Open_Davinci_AIApp.swift */ = {isa = PBXFileReference; lastKnownFileType = sourcecode.swift; path = Open_Davinci_AIApp.swift; sourceTree = "<group>"; };
		BF4723862B46C39200FA0BD7 /* ContentView.swift */ = {isa = PBXFileReference; lastKnownFileType = sourcecode.swift; path = ContentView.swift; sourceTree = "<group>"; };
		BF4723882B46C39200FA0BD7 /* Item.swift */ = {isa = PBXFileReference; lastKnownFileType = sourcecode.swift; path = Item.swift; sourceTree = "<group>"; };
		BF47238A2B46C39300FA0BD7 /* Assets.xcassets */ = {isa = PBXFileReference; lastKnownFileType = folder.assetcatalog; path = Assets.xcassets; sourceTree = "<group>"; };
		BF47238C2B46C39300FA0BD7 /* Open_Davinci_AI.entitlements */ = {isa = PBXFileReference; lastKnownFileType = text.plist.entitlements; path = Open_Davinci_AI.entitlements; sourceTree = "<group>"; };
		BF47238E2B46C39300FA0BD7 /* Preview Assets.xcassets */ = {isa = PBXFileReference; lastKnownFileType = folder.assetcatalog; path = "Preview Assets.xcassets"; sourceTree = "<group>"; };
		BF4723902B46C39300FA0BD7 /* Info.plist */ = {isa = PBXFileReference; lastKnownFileType = text.plist.xml; path = Info.plist; sourceTree = "<group>"; };
		BF4723952B46C39300FA0BD7 /* Open Davinci AITests.xctest */ = {isa = PBXFileReference; explicitFileType = wrapper.cfbundle; includeInIndex = 0; path = "Open Davinci AITests.xctest"; sourceTree = BUILT_PRODUCTS_DIR; };
		BF4723992B46C39300FA0BD7 /* Open_Davinci_AITests.swift */ = {isa = PBXFileReference; lastKnownFileType = sourcecode.swift; path = Open_Davinci_AITests.swift; sourceTree = "<group>"; };
		BF47239F2B46C39300FA0BD7 /* Open Davinci AIUITests.xctest */ = {isa = PBXFileReference; explicitFileType = wrapper.cfbundle; includeInIndex = 0; path = "Open Davinci AIUITests.xctest"; sourceTree = BUILT_PRODUCTS_DIR; };
		BF4723A32B46C39300FA0BD7 /* Open_Davinci_AIUITests.swift */ = {isa = PBXFileReference; lastKnownFileType = sourcecode.swift; path = Open_Davinci_AIUITests.swift; sourceTree = "<group>"; };
		BF4723A52B46C39300FA0BD7 /* Open_Davinci_AIUITestsLaunchTests.swift */ = {isa = PBXFileReference; lastKnownFileType = sourcecode.swift; path = Open_Davinci_AIUITestsLaunchTests.swift; sourceTree = "<group>"; };
/* End PBXFileReference section */

/* Begin PBXFrameworksBuildPhase section */
		BF47237E2B46C39200FA0BD7 /* Frameworks */ = {
			isa = PBXFrameworksBuildPhase;
			buildActionMask = 2147483647;
			files = (
			);
			runOnlyForDeploymentPostprocessing = 0;
		};
		BF4723922B46C39300FA0BD7 /* Frameworks */ = {
			isa = PBXFrameworksBuildPhase;
			buildActionMask = 2147483647;
			files = (
			);
			runOnlyForDeploymentPostprocessing = 0;
		};
		BF47239C2B46C39300FA0BD7 /* Frameworks */ = {
			isa = PBXFrameworksBuildPhase;
			buildActionMask = 2147483647;
			files = (
			);
			runOnlyForDeploymentPostprocessing = 0;
		};
/* End PBXFrameworksBuildPhase section */

/* Begin PBXGroup section */
		BF4723782B46C39200FA0BD7 = {
			isa = PBXGroup;
			children = (
				BF4723832B46C39200FA0BD7 /* Open Davinci AI */,
				BF4723982B46C39300FA0BD7 /* Open Davinci AITests */,
				BF4723A22B46C39300FA0BD7 /* Open Davinci AIUITests */,
				BF4723822B46C39200FA0BD7 /* Products */,
			);
			sourceTree = "<group>";
		};
		BF4723822B46C39200FA0BD7 /* Products */ = {
			isa = PBXGroup;
			children = (
				BF4723812B46C39200FA0BD7 /* Open Davinci AI.app */,
				BF4723952B46C39300FA0BD7 /* Open Davinci AITests.xctest */,
				BF47239F2B46C39300FA0BD7 /* Open Davinci AIUITests.xctest */,
			);
			name = Products;
			sourceTree = "<group>";
		};
		BF4723832B46C39200FA0BD7 /* Open Davinci AI */ = {
			isa = PBXGroup;
			children = (
				BF4723842B46C39200FA0BD7 /* Open_Davinci_AIApp.swift */,
				BF4723862B46C39200FA0BD7 /* ContentView.swift */,
				BF4723882B46C39200FA0BD7 /* Item.swift */,
				BF47238A2B46C39300FA0BD7 /* Assets.xcassets */,
				BF47238C2B46C39300FA0BD7 /* Open_Davinci_AI.entitlements */,
				BF4723902B46C39300FA0BD7 /* Info.plist */,
				BF47238D2B46C39300FA0BD7 /* Preview Content */,
			);
			path = "Open Davinci AI";
			sourceTree = "<group>";
		};
		BF47238D2B46C39300FA0BD7 /* Preview Content */ = {
			isa = PBXGroup;
			children = (
				BF47238E2B46C39300FA0BD7 /* Preview Assets.xcassets */,
			);
			path = "Preview Content";
			sourceTree = "<group>";
		};
		BF4723982B46C39300FA0BD7 /* Open Davinci AITests */ = {
			isa = PBXGroup;
			children = (
				BF4723992B46C39300FA0BD7 /* Open_Davinci_AITests.swift */,
			);
			path = "Open Davinci AITests";
			sourceTree = "<group>";
		};
		BF4723A22B46C39300FA0BD7 /* Open Davinci AIUITests */ = {
			isa = PBXGroup;
			children = (
				BF4723A32B46C39300FA0BD7 /* Open_Davinci_AIUITests.swift */,
				BF4723A52B46C39300FA0BD7 /* Open_Davinci_AIUITestsLaunchTests.swift */,
			);
			path = "Open Davinci AIUITests";
			sourceTree = "<group>";
		};
/* End PBXGroup section */

/* Begin PBXNativeTarget section */
		BF4723802B46C39200FA0BD7 /* Open Davinci AI */ = {
			isa = PBXNativeTarget;
			buildConfigurationList = BF4723A92B46C39300FA0BD7 /* Build configuration list for PBXNativeTarget "Open Davinci AI" */;
			buildPhases = (
				BF47237D2B46C39200FA0BD7 /* Sources */,
				BF47237E2B46C39200FA0BD7 /* Frameworks */,
				BF47237F2B46C39200FA0BD7 /* Resources */,
			);
			buildRules = (
			);
			dependencies = (
			);
			name = "Open Davinci AI";
			productName = "Open Davinci AI";
			productReference = BF4723812B46C39200FA0BD7 /* Open Davinci AI.app */;
			productType = "com.apple.product-type.application";
		};
		BF4723942B46C39300FA0BD7 /* Open Davinci AITests */ = {
			isa = PBXNativeTarget;
			buildConfigurationList = BF4723AC2B46C39300FA0BD7 /* Build configuration list for PBXNativeTarget "Open Davinci AITests" */;
			buildPhases = (
				BF4723912B46C39300FA0BD7 /* Sources */,
				BF4723922B46C39300FA0BD7 /* Frameworks */,
				BF4723932B46C39300FA0BD7 /* Resources */,
			);
			buildRules = (
			);
			dependencies = (
				BF4723972B46C39300FA0BD7 /* PBXTargetDependency */,
			);
			name = "Open Davinci AITests";
			productName = "Open Davinci AITests";
			productReference = BF4723952B46C39300FA0BD7 /* Open Davinci AITests.xctest */;
			productType = "com.apple.product-type.bundle.unit-test";
		};
		BF47239E2B46C39300FA0BD7 /* Open Davinci AIUITests */ = {
			isa = PBXNativeTarget;
			buildConfigurationList = BF4723AF2B46C39300FA0BD7 /* Build configuration list for PBXNativeTarget "Open Davinci AIUITests" */;
			buildPhases = (
				BF47239B2B46C39300FA0BD7 /* Sources */,
				BF47239C2B46C39300FA0BD7 /* Frameworks */,
				BF47239D2B46C39300FA0BD7 /* Resources */,
			);
			buildRules = (
			);
			dependencies = (
				BF4723A12B46C39300FA0BD7 /* PBXTargetDependency */,
			);
			name = "Open Davinci AIUITests";
			productName = "Open Davinci AIUITests";
			productReference = BF47239F2B46C39300FA0BD7 /* Open Davinci AIUITests.xctest */;
			productType = "com.apple.product-type.bundle.ui-testing";
		};
/* End PBXNativeTarget section */

/* Begin PBXProject section */
		BF4723792B46C39200FA0BD7 /* Project object */ = {
			isa = PBXProject;
			attributes = {
				BuildIndependentTargetsInParallel = 1;
				LastSwiftUpdateCheck = 1510;
				LastUpgradeCheck = 1510;
				TargetAttributes = {
					BF4723802B46C39200FA0BD7 = {
						CreatedOnToolsVersion = 15.1;
					};
					BF4723942B46C39300FA0BD7 = {
						CreatedOnToolsVersion = 15.1;
						TestTargetID = BF4723802B46C39200FA0BD7;
					};
					BF47239E2B46C39300FA0BD7 = {
						CreatedOnToolsVersion = 15.1;
						TestTargetID = BF4723802B46C39200FA0BD7;
					};
				};
			};
			buildConfigurationList = BF47237C2B46C39200FA0BD7 /* Build configuration list for PBXProject "Open Davinci AI" */;
			compatibilityVersion = "Xcode 14.0";
			developmentRegion = en;
			hasScannedForEncodings = 0;
			knownRegions = (
				en,
				Base,
			);
			mainGroup = BF4723782B46C39200FA0BD7;
			productRefGroup = BF4723822B46C39200FA0BD7 /* Products */;
			projectDirPath = "";
			projectRoot = "";
			targets = (
				BF4723802B46C39200FA0BD7 /* Open Davinci AI */,
				BF4723942B46C39300FA0BD7 /* Open Davinci AITests */,
				BF47239E2B46C39300FA0BD7 /* Open Davinci AIUITests */,
			);
		};
/* End PBXProject section */

/* Begin PBXResourcesBuildPhase section */
		BF47237F2B46C39200FA0BD7 /* Resources */ = {
			isa = PBXResourcesBuildPhase;
			buildActionMask = 2147483647;
			files = (
				BF47238F2B46C39300FA0BD7 /* Preview Assets.xcassets in Resources */,
				BF47238B2B46C39300FA0BD7 /* Assets.xcassets in Resources */,
			);
			runOnlyForDeploymentPostprocessing = 0;
		};
		BF4723932B46C39300FA0BD7 /* Resources */ = {
			isa = PBXResourcesBuildPhase;
			buildActionMask = 2147483647;
			files = (
			);
			runOnlyForDeploymentPostprocessing = 0;
		};
		BF47239D2B46C39300FA0BD7 /* Resources */ = {
			isa = PBXResourcesBuildPhase;
			buildActionMask = 2147483647;
			files = (
			);
			runOnlyForDeploymentPostprocessing = 0;
		};
/* End PBXResourcesBuildPhase section */

/* Begin PBXSourcesBuildPhase section */
		BF47237D2B46C39200FA0BD7 /* Sources */ = {
			isa = PBXSourcesBuildPhase;
			buildActionMask = 2147483647;
			files = (
				BF4723872B46C39200FA0BD7 /* ContentView.swift in Sources */,
				BF4723892B46C39200FA0BD7 /* Item.swift in Sources */,
				BF4723852B46C39200FA0BD7 /* Open_Davinci_AIApp.swift in Sources */,
			);
			runOnlyForDeploymentPostprocessing = 0;
		};
		BF4723912B46C39300FA0BD7 /* Sources */ = {
			isa = PBXSourcesBuildPhase;
			buildActionMask = 2147483647;
			files = (
				BF47239A2B46C39300FA0BD7 /* Open_Davinci_AITests.swift in Sources */,
			);
			runOnlyForDeploymentPostprocessing = 0;
		};
		BF47239B2B46C39300FA0BD7 /* Sources */ = {
			isa = PBXSourcesBuildPhase;
			buildActionMask = 2147483647;
			files = (
				BF4723A42B46C39300FA0BD7 /* Open_Davinci_AIUITests.swift in Sources */,
				BF4723A62B46C39300FA0BD7 /* Open_Davinci_AIUITestsLaunchTests.swift in Sources */,
			);
			runOnlyForDeploymentPostprocessing = 0;
		};
/* End PBXSourcesBuildPhase section */

/* Begin PBXTargetDependency section */
		BF4723972B46C39300FA0BD7 /* PBXTargetDependency */ = {
			isa = PBXTargetDependency;
			target = BF4723802B46C39200FA0BD7 /* Open Davinci AI */;
			targetProxy = BF4723962B46C39300FA0BD7 /* PBXContainerItemProxy */;
		};
		BF4723A12B46C39300FA0BD7 /* PBXTargetDependency */ = {
			isa = PBXTargetDependency;
			target = BF4723802B46C39200FA0BD7 /* Open Davinci AI */;
			targetProxy = BF4723A02B46C39300FA0BD7 /* PBXContainerItemProxy */;
		};
/* End PBXTargetDependency section */

/* Begin XCBuildConfiguration section */
		BF4723A72B46C39300FA0BD7 /* Debug */ = {
			isa = XCBuildConfiguration;
			buildSettings = {
				ALWAYS_SEARCH_USER_PATHS = NO;
				ASSETCATALOG_COMPILER_GENERATE_SWIFT_ASSET_SYMBOL_EXTENSIONS = YES;
				CLANG_ANALYZER_NONNULL = YES;
				CLANG_ANALYZER_NUMBER_OBJECT_CONVERSION = YES_AGGRESSIVE;
				CLANG_CXX_LANGUAGE_STANDARD = "gnu++20";
				CLANG_ENABLE_MODULES = YES;
				CLANG_ENABLE_OBJC_ARC = YES;
				CLANG_ENABLE_OBJC_WEAK = YES;
				CLANG_WARN_BLOCK_CAPTURE_AUTORELEASING = YES;
				CLANG_WARN_BOOL_CONVERSION = YES;
				CLANG_WARN_COMMA = YES;
				CLANG_WARN_CONSTANT_CONVERSION = YES;
				CLANG_WARN_DEPRECATED_OBJC_IMPLEMENTATIONS = YES;
				CLANG_WARN_DIRECT_OBJC_ISA_USAGE = YES_ERROR;
				CLANG_WARN_DOCUMENTATION_COMMENTS = YES;
				CLANG_WARN_EMPTY_BODY = YES;
				CLANG_WARN_ENUM_CONVERSION = YES;
				CLANG_WARN_INFINITE_RECURSION = YES;
				CLANG_WARN_INT_CONVERSION = YES;
				CLANG_WARN_NON_LITERAL_NULL_CONVERSION = YES;
				CLANG_WARN_OBJC_IMPLICIT_RETAIN_SELF = YES;
				CLANG_WARN_OBJC_LITERAL_CONVERSION = YES;
				CLANG_WARN_OBJC_ROOT_CLASS = YES_ERROR;
				CLANG_WARN_QUOTED_INCLUDE_IN_FRAMEWORK_HEADER = YES;
				CLANG_WARN_RANGE_LOOP_ANALYSIS = YES;
				CLANG_WARN_STRICT_PROTOTYPES = YES;
				CLANG_WARN_SUSPICIOUS_MOVE = YES;
				CLANG_WARN_UNGUARDED_AVAILABILITY = YES_AGGRESSIVE;
				CLANG_WARN_UNREACHABLE_CODE = YES;
				CLANG_WARN__DUPLICATE_METHOD_MATCH = YES;
				COPY_PHASE_STRIP = NO;
				DEBUG_INFORMATION_FORMAT = dwarf;
				ENABLE_STRICT_OBJC_MSGSEND = YES;
				ENABLE_TESTABILITY = YES;
				ENABLE_USER_SCRIPT_SANDBOXING = YES;
				GCC_C_LANGUAGE_STANDARD = gnu17;
				GCC_DYNAMIC_NO_PIC = NO;
				GCC_NO_COMMON_BLOCKS = YES;
				GCC_OPTIMIZATION_LEVEL = 0;
				GCC_PREPROCESSOR_DEFINITIONS = (
					"DEBUG=1",
					"$(inherited)",
				);
				GCC_WARN_64_TO_32_BIT_CONVERSION = YES;
				GCC_WARN_ABOUT_RETURN_TYPE = YES_ERROR;
				GCC_WARN_UNDECLARED_SELECTOR = YES;
				GCC_WARN_UNINITIALIZED_AUTOS = YES_AGGRESSIVE;
				GCC_WARN_UNUSED_FUNCTION = YES;
				GCC_WARN_UNUSED_VARIABLE = YES;
				LOCALIZATION_PREFERS_STRING_CATALOGS = YES;
				MTL_ENABLE_DEBUG_INFO = INCLUDE_SOURCE;
				MTL_FAST_MATH = YES;
				ONLY_ACTIVE_ARCH = YES;
				SWIFT_ACTIVE_COMPILATION_CONDITIONS = "DEBUG $(inherited)";
				SWIFT_OPTIMIZATION_LEVEL = "-Onone";
			};
			name = Debug;
		};
		BF4723A82B46C39300FA0BD7 /* Release */ = {
			isa = XCBuildConfiguration;
			buildSettings = {
				ALWAYS_SEARCH_USER_PATHS = NO;
				ASSETCATALOG_COMPILER_GENERATE_SWIFT_ASSET_SYMBOL_EXTENSIONS = YES;
				CLANG_ANALYZER_NONNULL = YES;
				CLANG_ANALYZER_NUMBER_OBJECT_CONVERSION = YES_AGGRESSIVE;
				CLANG_CXX_LANGUAGE_STANDARD = "gnu++20";
				CLANG_ENABLE_MODULES = YES;
				CLANG_ENABLE_OBJC_ARC = YES;
				CLANG_ENABLE_OBJC_WEAK = YES;
				CLANG_WARN_BLOCK_CAPTURE_AUTORELEASING = YES;
				CLANG_WARN_BOOL_CONVERSION = YES;
				CLANG_WARN_COMMA = YES;
				CLANG_WARN_CONSTANT_CONVERSION = YES;
				CLANG_WARN_DEPRECATED_OBJC_IMPLEMENTATIONS = YES;
				CLANG_WARN_DIRECT_OBJC_ISA_USAGE = YES_ERROR;
				CLANG_WARN_DOCUMENTATION_COMMENTS = YES;
				CLANG_WARN_EMPTY_BODY = YES;
				CLANG_WARN_ENUM_CONVERSION = YES;
				CLANG_WARN_INFINITE_RECURSION = YES;
				CLANG_WARN_INT_CONVERSION = YES;
				CLANG_WARN_NON_LITERAL_NULL_CONVERSION = YES;
				CLANG_WARN_OBJC_IMPLICIT_RETAIN_SELF = YES;
				CLANG_WARN_OBJC_LITERAL_CONVERSION = YES;
				CLANG_WARN_OBJC_ROOT_CLASS = YES_ERROR;
				CLANG_WARN_QUOTED_INCLUDE_IN_FRAMEWORK_HEADER = YES;
				CLANG_WARN_RANGE_LOOP_ANALYSIS = YES;
				CLANG_WARN_STRICT_PROTOTYPES = YES;
				CLANG_WARN_SUSPICIOUS_MOVE = YES;
				CLANG_WARN_UNGUARDED_AVAILABILITY = YES_AGGRESSIVE;
				CLANG_WARN_UNREACHABLE_CODE = YES;
				CLANG_WARN__DUPLICATE_METHOD_MATCH = YES;
				COPY_PHASE_STRIP = NO;
				DEBUG_INFORMATION_FORMAT = "dwarf-with-dsym";
				ENABLE_NS_ASSERTIONS = NO;
				ENABLE_STRICT_OBJC_MSGSEND = YES;
				ENABLE_USER_SCRIPT_SANDBOXING = YES;
				GCC_C_LANGUAGE_STANDARD = gnu17;
				GCC_NO_COMMON_BLOCKS = YES;
				GCC_WARN_64_TO_32_BIT_CONVERSION = YES;
				GCC_WARN_ABOUT_RETURN_TYPE = YES_ERROR;
				GCC_WARN_UNDECLARED_SELECTOR = YES;
				GCC_WARN_UNINITIALIZED_AUTOS = YES_AGGRESSIVE;
				GCC_WARN_UNUSED_FUNCTION = YES;
				GCC_WARN_UNUSED_VARIABLE = YES;
				LOCALIZATION_PREFERS_STRING_CATALOGS = YES;
				MTL_ENABLE_DEBUG_INFO = NO;
				MTL_FAST_MATH = YES;
				SWIFT_COMPILATION_MODE = wholemodule;
			};
			name = Release;
		};
		BF4723AA2B46C39300FA0BD7 /* Debug */ = {
			isa = XCBuildConfiguration;
			buildSettings = {
				ASSETCATALOG_COMPILER_APPICON_NAME = AppIcon;
				ASSETCATALOG_COMPILER_GLOBAL_ACCENT_COLOR_NAME = AccentColor;
				CODE_SIGN_ENTITLEMENTS = "Open Davinci AI/Open_Davinci_AI.entitlements";
				CODE_SIGN_STYLE = Automatic;
				CURRENT_PROJECT_VERSION = 1;
				DEVELOPMENT_ASSET_PATHS = "\"Open Davinci AI/Preview Content\"";
				DEVELOPMENT_TEAM = MNDR3L87G4;
				ENABLE_HARDENED_RUNTIME = YES;
				ENABLE_PREVIEWS = YES;
				GENERATE_INFOPLIST_FILE = YES;
				INFOPLIST_FILE = "Open Davinci AI/Info.plist";
				"INFOPLIST_KEY_UIApplicationSceneManifest_Generation[sdk=iphoneos*]" = YES;
				"INFOPLIST_KEY_UIApplicationSceneManifest_Generation[sdk=iphonesimulator*]" = YES;
				"INFOPLIST_KEY_UIApplicationSupportsIndirectInputEvents[sdk=iphoneos*]" = YES;
				"INFOPLIST_KEY_UIApplicationSupportsIndirectInputEvents[sdk=iphonesimulator*]" = YES;
				"INFOPLIST_KEY_UILaunchScreen_Generation[sdk=iphoneos*]" = YES;
				"INFOPLIST_KEY_UILaunchScreen_Generation[sdk=iphonesimulator*]" = YES;
				"INFOPLIST_KEY_UIStatusBarStyle[sdk=iphoneos*]" = UIStatusBarStyleDefault;
				"INFOPLIST_KEY_UIStatusBarStyle[sdk=iphonesimulator*]" = UIStatusBarStyleDefault;
				INFOPLIST_KEY_UISupportedInterfaceOrientations_iPad = "UIInterfaceOrientationPortrait UIInterfaceOrientationPortraitUpsideDown UIInterfaceOrientationLandscapeLeft UIInterfaceOrientationLandscapeRight";
				INFOPLIST_KEY_UISupportedInterfaceOrientations_iPhone = "UIInterfaceOrientationPortrait UIInterfaceOrientationLandscapeLeft UIInterfaceOrientationLandscapeRight";
				IPHONEOS_DEPLOYMENT_TARGET = 17.2;
				LD_RUNPATH_SEARCH_PATHS = "@executable_path/Frameworks";
				"LD_RUNPATH_SEARCH_PATHS[sdk=macosx*]" = "@executable_path/../Frameworks";
				MACOSX_DEPLOYMENT_TARGET = 14.0;
				MARKETING_VERSION = 1.0;
				PRODUCT_BUNDLE_IDENTIFIER = "com.ai.Open-Davinci-AI";
				PRODUCT_NAME = "$(TARGET_NAME)";
				SDKROOT = auto;
				SUPPORTED_PLATFORMS = "iphoneos iphonesimulator macosx";
				SWIFT_EMIT_LOC_STRINGS = YES;
				SWIFT_VERSION = 5.0;
				TARGETED_DEVICE_FAMILY = "1,2";
			};
			name = Debug;
		};
		BF4723AB2B46C39300FA0BD7 /* Release */ = {
			isa = XCBuildConfiguration;
			buildSettings = {
				ASSETCATALOG_COMPILER_APPICON_NAME = AppIcon;
				ASSETCATALOG_COMPILER_GLOBAL_ACCENT_COLOR_NAME = AccentColor;
				CODE_SIGN_ENTITLEMENTS = "Open Davinci AI/Open_Davinci_AI.entitlements";
				CODE_SIGN_STYLE = Automatic;
				CURRENT_PROJECT_VERSION = 1;
				DEVELOPMENT_ASSET_PATHS = "\"Open Davinci AI/Preview Content\"";
				DEVELOPMENT_TEAM = MNDR3L87G4;
				ENABLE_HARDENED_RUNTIME = YES;
				ENABLE_PREVIEWS = YES;
				GENERATE_INFOPLIST_FILE = YES;
				INFOPLIST_FILE = "Open Davinci AI/Info.plist";
				"INFOPLIST_KEY_UIApplicationSceneManifest_Generation[sdk=iphoneos*]" = YES;
				"INFOPLIST_KEY_UIApplicationSceneManifest_Generation[sdk=iphonesimulator*]" = YES;
				"INFOPLIST_KEY_UIApplicationSupportsIndirectInputEvents[sdk=iphoneos*]" = YES;
				"INFOPLIST_KEY_UIApplicationSupportsIndirectInputEvents[sdk=iphonesimulator*]" = YES;
				"INFOPLIST_KEY_UILaunchScreen_Generation[sdk=iphoneos*]" = YES;
				"INFOPLIST_KEY_UILaunchScreen_Generation[sdk=iphonesimulator*]" = YES;
				"INFOPLIST_KEY_UIStatusBarStyle[sdk=iphoneos*]" = UIStatusBarStyleDefault;
				"INFOPLIST_KEY_UIStatusBarStyle[sdk=iphonesimulator*]" = UIStatusBarStyleDefault;
				INFOPLIST_KEY_UISupportedInterfaceOrientations_iPad = "UIInterfaceOrientationPortrait UIInterfaceOrientationPortraitUpsideDown UIInterfaceOrientationLandscapeLeft UIInterfaceOrientationLandscapeRight";
				INFOPLIST_KEY_UISupportedInterfaceOrientations_iPhone = "UIInterfaceOrientationPortrait UIInterfaceOrientationLandscapeLeft UIInterfaceOrientationLandscapeRight";
				IPHONEOS_DEPLOYMENT_TARGET = 17.2;
				LD_RUNPATH_SEARCH_PATHS = "@executable_path/Frameworks";
				"LD_RUNPATH_SEARCH_PATHS[sdk=macosx*]" = "@executable_path/../Frameworks";
				MACOSX_DEPLOYMENT_TARGET = 14.0;
				MARKETING_VERSION = 1.0;
				PRODUCT_BUNDLE_IDENTIFIER = "com.ai.Open-Davinci-AI";
				PRODUCT_NAME = "$(TARGET_NAME)";
				SDKROOT = auto;
				SUPPORTED_PLATFORMS = "iphoneos iphonesimulator macosx";
				SWIFT_EMIT_LOC_STRINGS = YES;
				SWIFT_VERSION = 5.0;
				TARGETED_DEVICE_FAMILY = "1,2";
			};
			name = Release;
		};
		BF4723AD2B46C39300FA0BD7 /* Debug */ = {
			isa = XCBuildConfiguration;
			buildSettings = {
				ALWAYS_EMBED_SWIFT_STANDARD_LIBRARIES = YES;
				BUNDLE_LOADER = "$(TEST_HOST)";
				CODE_SIGN_STYLE = Automatic;
				CURRENT_PROJECT_VERSION = 1;
				DEVELOPMENT_TEAM = MNDR3L87G4;
				GENERATE_INFOPLIST_FILE = YES;
				IPHONEOS_DEPLOYMENT_TARGET = 17.2;
				MACOSX_DEPLOYMENT_TARGET = 14.2;
				MARKETING_VERSION = 1.0;
				PRODUCT_BUNDLE_IDENTIFIER = "com.ai.Open-Davinci-AITests";
				PRODUCT_NAME = "$(TARGET_NAME)";
				SDKROOT = auto;
				SUPPORTED_PLATFORMS = "iphoneos iphonesimulator macosx";
				SWIFT_EMIT_LOC_STRINGS = NO;
				SWIFT_VERSION = 5.0;
				TARGETED_DEVICE_FAMILY = "1,2";
				TEST_HOST = "$(BUILT_PRODUCTS_DIR)/Open Davinci AI.app/$(BUNDLE_EXECUTABLE_FOLDER_PATH)/Open Davinci AI";
			};
			name = Debug;
		};
		BF4723AE2B46C39300FA0BD7 /* Release */ = {
			isa = XCBuildConfiguration;
			buildSettings = {
				ALWAYS_EMBED_SWIFT_STANDARD_LIBRARIES = YES;
				BUNDLE_LOADER = "$(TEST_HOST)";
				CODE_SIGN_STYLE = Automatic;
				CURRENT_PROJECT_VERSION = 1;
				DEVELOPMENT_TEAM = MNDR3L87G4;
				GENERATE_INFOPLIST_FILE = YES;
				IPHONEOS_DEPLOYMENT_TARGET = 17.2;
				MACOSX_DEPLOYMENT_TARGET = 14.2;
				MARKETING_VERSION = 1.0;
				PRODUCT_BUNDLE_IDENTIFIER = "com.ai.Open-Davinci-AITests";
				PRODUCT_NAME = "$(TARGET_NAME)";
				SDKROOT = auto;
				SUPPORTED_PLATFORMS = "iphoneos iphonesimulator macosx";
				SWIFT_EMIT_LOC_STRINGS = NO;
				SWIFT_VERSION = 5.0;
				TARGETED_DEVICE_FAMILY = "1,2";
				TEST_HOST = "$(BUILT_PRODUCTS_DIR)/Open Davinci AI.app/$(BUNDLE_EXECUTABLE_FOLDER_PATH)/Open Davinci AI";
			};
			name = Release;
		};
		BF4723B02B46C39300FA0BD7 /* Debug */ = {
			isa = XCBuildConfiguration;
			buildSettings = {
				ALWAYS_EMBED_SWIFT_STANDARD_LIBRARIES = YES;
				CODE_SIGN_STYLE = Automatic;
				CURRENT_PROJECT_VERSION = 1;
				DEVELOPMENT_TEAM = MNDR3L87G4;
				GENERATE_INFOPLIST_FILE = YES;
				IPHONEOS_DEPLOYMENT_TARGET = 17.2;
				MACOSX_DEPLOYMENT_TARGET = 14.2;
				MARKETING_VERSION = 1.0;
				PRODUCT_BUNDLE_IDENTIFIER = "com.ai.Open-Davinci-AIUITests";
				PRODUCT_NAME = "$(TARGET_NAME)";
				SDKROOT = auto;
				SUPPORTED_PLATFORMS = "iphoneos iphonesimulator macosx";
				SWIFT_EMIT_LOC_STRINGS = NO;
				SWIFT_VERSION = 5.0;
				TARGETED_DEVICE_FAMILY = "1,2";
				TEST_TARGET_NAME = "Open Davinci AI";
			};
			name = Debug;
		};
		BF4723B12B46C39300FA0BD7 /* Release */ = {
			isa = XCBuildConfiguration;
			buildSettings = {
				ALWAYS_EMBED_SWIFT_STANDARD_LIBRARIES = YES;
				CODE_SIGN_STYLE = Automatic;
				CURRENT_PROJECT_VERSION = 1;
				DEVELOPMENT_TEAM = MNDR3L87G4;
				GENERATE_INFOPLIST_FILE = YES;
				IPHONEOS_DEPLOYMENT_TARGET = 17.2;
				MACOSX_DEPLOYMENT_TARGET = 14.2;
				MARKETING_VERSION = 1.0;
				PRODUCT_BUNDLE_IDENTIFIER = "com.ai.Open-Davinci-AIUITests";
				PRODUCT_NAME = "$(TARGET_NAME)";
				SDKROOT = auto;
				SUPPORTED_PLATFORMS = "iphoneos iphonesimulator macosx";
				SWIFT_EMIT_LOC_STRINGS = NO;
				SWIFT_VERSION = 5.0;
				TARGETED_DEVICE_FAMILY = "1,2";
				TEST_TARGET_NAME = "Open Davinci AI";
			};
			name = Release;
		};
/* End XCBuildConfiguration section */

/* Begin XCConfigurationList section */
		BF47237C2B46C39200FA0BD7 /* Build configuration list for PBXProject "Open Davinci AI" */ = {
			isa = XCConfigurationList;
			buildConfigurations = (
				BF4723A72B46C39300FA0BD7 /* Debug */,
				BF4723A82B46C39300FA0BD7 /* Release */,
			);
			defaultConfigurationIsVisible = 0;
			defaultConfigurationName = Release;
		};
		BF4723A92B46C39300FA0BD7 /* Build configuration list for PBXNativeTarget "Open Davinci AI" */ = {
			isa = XCConfigurationList;
			buildConfigurations = (
				BF4723AA2B46C39300FA0BD7 /* Debug */,
				BF4723AB2B46C39300FA0BD7 /* Release */,
			);
			defaultConfigurationIsVisible = 0;
			defaultConfigurationName = Release;
		};
		BF4723AC2B46C39300FA0BD7 /* Build configuration list for PBXNativeTarget "Open Davinci AITests" */ = {
			isa = XCConfigurationList;
			buildConfigurations = (
				BF4723AD2B46C39300FA0BD7 /* Debug */,
				BF4723AE2B46C39300FA0BD7 /* Release */,
			);
			defaultConfigurationIsVisible = 0;
			defaultConfigurationName = Release;
		};
		BF4723AF2B46C39300FA0BD7 /* Build configuration list for PBXNativeTarget "Open Davinci AIUITests" */ = {
			isa = XCConfigurationList;
			buildConfigurations = (
				BF4723B02B46C39300FA0BD7 /* Debug */,
				BF4723B12B46C39300FA0BD7 /* Release */,
			);
			defaultConfigurationIsVisible = 0;
			defaultConfigurationName = Release;
		};
/* End XCConfigurationList section */
	};
	rootObject = BF4723792B46C39200FA0BD7 /* Project object */;
}
